
Microsoft Visual Studio Solution File, Format Version 12.00
# Visual Studio Version 16
VisualStudioVersion = 16.0.31829.152
MinimumVisualStudioVersion = 10.0.40219.1
Project("{FAE04EC0-301F-11D3-BF4B-00C04F79EFBC}") = "base1_Lesson17", "base1_Lesson17\base1_Lesson17.csproj", "{3E9E655F-A20D-4664-A82F-B73FE4646B33}"
EndProject
Global
	GlobalSection(SolutionConfigurationPlatforms) = preSolution
		Debug|Any CPU = Debug|Any CPU
		Release|Any CPU = Release|Any CPU
	EndGlobalSection
	GlobalSection(ProjectConfigurationPlatforms) = postSolution
		{3E9E655F-A20D-4664-A82F-B73FE4646B33}.Debug|Any CPU.ActiveCfg = Debug|Any CPU
		{3E9E655F-A20D-4664-A82F-B73FE4646B33}.Debug|Any CPU.Build.0 = Debug|Any CPU
		{3E9E655F-A20D-4664-A82F-B73FE4646B33}.Release|Any CPU.ActiveCfg = Release|Any CPU
		{3E9E655F-A20D-4664-A82F-B73FE4646B33}.Release|Any CPU.Build.0 = Release|Any CPU
	EndGlobalSection
	GlobalSection(SolutionProperties) = preSolution
		HideSolutionNode = FALSE
	EndGlobalSection
	GlobalSection(ExtensibilityGlobals) = postSolution
		SolutionGuid = {6157F9FE-AB9E-469B-8259-4558E319FAB8}
	EndGlobalSection
EndGlobal
